
Microsoft Visual Studio Solution File, Format Version 12.00
# Visual Studio 15
VisualStudioVersion = 15.0.26730.16
MinimumVisualStudioVersion = 10.0.40219.1
Project("{FAE04EC0-301F-11D3-BF4B-00C04F79EFBC}") = "ArrayDemo2_FA_2017", "ArrayDemo2_FA_2017\ArrayDemo2_FA_2017.csproj", "{5CF1AE3D-BA72-4D48-BB8B-ECE1CFC96959}"
EndProject
Global
	GlobalSection(SolutionConfigurationPlatforms) = preSolution
		Debug|Any CPU = Debug|Any CPU
		Release|Any CPU = Release|Any CPU
	EndGlobalSection
	GlobalSection(ProjectConfigurationPlatforms) = postSolution
		{5CF1AE3D-BA72-4D48-BB8B-ECE1CFC96959}.Debug|Any CPU.ActiveCfg = Debug|Any CPU
		{5CF1AE3D-BA72-4D48-BB8B-ECE1CFC96959}.Debug|Any CPU.Build.0 = Debug|Any CPU
		{5CF1AE3D-BA72-4D48-BB8B-ECE1CFC96959}.Release|Any CPU.ActiveCfg = Release|Any CPU
		{5CF1AE3D-BA72-4D48-BB8B-ECE1CFC96959}.Release|Any CPU.Build.0 = Release|Any CPU
	EndGlobalSection
	GlobalSection(SolutionProperties) = preSolution
		HideSolutionNode = FALSE
	EndGlobalSection
	GlobalSection(ExtensibilityGlobals) = postSolution
		SolutionGuid = {CDABC580-099F-4108-84BB-B6D1BF3962E2}
	EndGlobalSection
EndGlobal
